
Microsoft Visual Studio Solution File, Format Version 12.00
# Visual Studio 15
VisualStudioVersion = 15.0.26124.0
MinimumVisualStudioVersion = 15.0.26124.0
Project("{2150E333-8FDC-42A3-9474-1A3956D46DE8}") = "src", "src", "{8C76570E-0B04-4D8B-8B8A-7BE88FFED4E2}"
EndProject
Project("{FAE04EC0-301F-11D3-BF4B-00C04F79EFBC}") = "Bookings.Hosting", "src\Bookings.Hosting\Bookings.Hosting.csproj", "{792C4D3B-F555-4565-ACDB-CDAB94EA6EDB}"
EndProject
Global
	GlobalSection(SolutionConfigurationPlatforms) = preSolution
		Debug|Any CPU = Debug|Any CPU
		Debug|x64 = Debug|x64
		Debug|x86 = Debug|x86
		Release|Any CPU = Release|Any CPU
		Release|x64 = Release|x64
		Release|x86 = Release|x86
	EndGlobalSection
	GlobalSection(SolutionProperties) = preSolution
		HideSolutionNode = FALSE
	EndGlobalSection
	GlobalSection(ProjectConfigurationPlatforms) = postSolution
		{792C4D3B-F555-4565-ACDB-CDAB94EA6EDB}.Debug|Any CPU.ActiveCfg = Debug|Any CPU
		{792C4D3B-F555-4565-ACDB-CDAB94EA6EDB}.Debug|Any CPU.Build.0 = Debug|Any CPU
		{792C4D3B-F555-4565-ACDB-CDAB94EA6EDB}.Debug|x64.ActiveCfg = Debug|Any CPU
		{792C4D3B-F555-4565-ACDB-CDAB94EA6EDB}.Debug|x64.Build.0 = Debug|Any CPU
		{792C4D3B-F555-4565-ACDB-CDAB94EA6EDB}.Debug|x86.ActiveCfg = Debug|Any CPU
		{792C4D3B-F555-4565-ACDB-CDAB94EA6EDB}.Debug|x86.Build.0 = Debug|Any CPU
		{792C4D3B-F555-4565-ACDB-CDAB94EA6EDB}.Release|Any CPU.ActiveCfg = Release|Any CPU
		{792C4D3B-F555-4565-ACDB-CDAB94EA6EDB}.Release|Any CPU.Build.0 = Release|Any CPU
		{792C4D3B-F555-4565-ACDB-CDAB94EA6EDB}.Release|x64.ActiveCfg = Release|Any CPU
		{792C4D3B-F555-4565-ACDB-CDAB94EA6EDB}.Release|x64.Build.0 = Release|Any CPU
		{792C4D3B-F555-4565-ACDB-CDAB94EA6EDB}.Release|x86.ActiveCfg = Release|Any CPU
		{792C4D3B-F555-4565-ACDB-CDAB94EA6EDB}.Release|x86.Build.0 = Release|Any CPU
	EndGlobalSection
	GlobalSection(NestedProjects) = preSolution
		{792C4D3B-F555-4565-ACDB-CDAB94EA6EDB} = {8C76570E-0B04-4D8B-8B8A-7BE88FFED4E2}
	EndGlobalSection
EndGlobal
