
Microsoft Visual Studio Solution File, Format Version 12.00
# Visual Studio 15
VisualStudioVersion = 15.0.26124.0
MinimumVisualStudioVersion = 15.0.26124.0
Project("{2150E333-8FDC-42A3-9474-1A3956D46DE8}") = "src", "src", "{8C76570E-0B04-4D8B-8B8A-7BE88FFED4E2}"
EndProject
Project("{9A19103F-16F7-4668-BE54-9A1E7A4F7556}") = "Bookings.Hosting", "src\Bookings.Hosting\Bookings.Hosting.csproj", "{792C4D3B-F555-4565-ACDB-CDAB94EA6EDB}"
EndProject
Project("{2150E333-8FDC-42A3-9474-1A3956D46DE8}") = "tests", "tests", "{477A1D56-3A63-4830-A1D4-10BE857B0CC9}"
EndProject
Project("{9A19103F-16F7-4668-BE54-9A1E7A4F7556}") = "Bookings.Hosting.Tests", "tests\Bookings.Hosting.Tests\Bookings.Hosting.Tests.csproj", "{476D7CD5-3771-4221-8AEE-EBF36187D91D}"
EndProject
Project("{9A19103F-16F7-4668-BE54-9A1E7A4F7556}") = "Bookings.Core", "src\Bookings.Core\Bookings.Core.csproj", "{CDA79E53-50A5-44F5-9F9F-DE105BFF577C}"
EndProject
Project("{9A19103F-16F7-4668-BE54-9A1E7A4F7556}") = "Bookings.Services.Tests", "tests\Bookings.Services.Tests\Bookings.Services.Tests.csproj", "{1304CBA6-D3F7-4070-826B-BBC8E3C1D55E}"
EndProject
Project("{9A19103F-16F7-4668-BE54-9A1E7A4F7556}") = "Bookings.Services", "src\Bookings.Services\Bookings.Services.csproj", "{C2EE1781-EAE1-4332-BA2A-298D8D6E6EF1}"
EndProject
Global
	GlobalSection(SolutionConfigurationPlatforms) = preSolution
		Debug|Any CPU = Debug|Any CPU
		Debug|x64 = Debug|x64
		Debug|x86 = Debug|x86
		Release|Any CPU = Release|Any CPU
		Release|x64 = Release|x64
		Release|x86 = Release|x86
	EndGlobalSection
	GlobalSection(ProjectConfigurationPlatforms) = postSolution
		{792C4D3B-F555-4565-ACDB-CDAB94EA6EDB}.Debug|Any CPU.ActiveCfg = Debug|Any CPU
		{792C4D3B-F555-4565-ACDB-CDAB94EA6EDB}.Debug|Any CPU.Build.0 = Debug|Any CPU
		{792C4D3B-F555-4565-ACDB-CDAB94EA6EDB}.Debug|x64.ActiveCfg = Debug|Any CPU
		{792C4D3B-F555-4565-ACDB-CDAB94EA6EDB}.Debug|x64.Build.0 = Debug|Any CPU
		{792C4D3B-F555-4565-ACDB-CDAB94EA6EDB}.Debug|x86.ActiveCfg = Debug|Any CPU
		{792C4D3B-F555-4565-ACDB-CDAB94EA6EDB}.Debug|x86.Build.0 = Debug|Any CPU
		{792C4D3B-F555-4565-ACDB-CDAB94EA6EDB}.Release|Any CPU.ActiveCfg = Release|Any CPU
		{792C4D3B-F555-4565-ACDB-CDAB94EA6EDB}.Release|Any CPU.Build.0 = Release|Any CPU
		{792C4D3B-F555-4565-ACDB-CDAB94EA6EDB}.Release|x64.ActiveCfg = Release|Any CPU
		{792C4D3B-F555-4565-ACDB-CDAB94EA6EDB}.Release|x64.Build.0 = Release|Any CPU
		{792C4D3B-F555-4565-ACDB-CDAB94EA6EDB}.Release|x86.ActiveCfg = Release|Any CPU
		{792C4D3B-F555-4565-ACDB-CDAB94EA6EDB}.Release|x86.Build.0 = Release|Any CPU
		{476D7CD5-3771-4221-8AEE-EBF36187D91D}.Debug|Any CPU.ActiveCfg = Debug|Any CPU
		{476D7CD5-3771-4221-8AEE-EBF36187D91D}.Debug|Any CPU.Build.0 = Debug|Any CPU
		{476D7CD5-3771-4221-8AEE-EBF36187D91D}.Debug|x64.ActiveCfg = Debug|Any CPU
		{476D7CD5-3771-4221-8AEE-EBF36187D91D}.Debug|x64.Build.0 = Debug|Any CPU
		{476D7CD5-3771-4221-8AEE-EBF36187D91D}.Debug|x86.ActiveCfg = Debug|Any CPU
		{476D7CD5-3771-4221-8AEE-EBF36187D91D}.Debug|x86.Build.0 = Debug|Any CPU
		{476D7CD5-3771-4221-8AEE-EBF36187D91D}.Release|Any CPU.ActiveCfg = Release|Any CPU
		{476D7CD5-3771-4221-8AEE-EBF36187D91D}.Release|Any CPU.Build.0 = Release|Any CPU
		{476D7CD5-3771-4221-8AEE-EBF36187D91D}.Release|x64.ActiveCfg = Release|Any CPU
		{476D7CD5-3771-4221-8AEE-EBF36187D91D}.Release|x64.Build.0 = Release|Any CPU
		{476D7CD5-3771-4221-8AEE-EBF36187D91D}.Release|x86.ActiveCfg = Release|Any CPU
		{476D7CD5-3771-4221-8AEE-EBF36187D91D}.Release|x86.Build.0 = Release|Any CPU
		{CDA79E53-50A5-44F5-9F9F-DE105BFF577C}.Debug|Any CPU.ActiveCfg = Debug|Any CPU
		{CDA79E53-50A5-44F5-9F9F-DE105BFF577C}.Debug|Any CPU.Build.0 = Debug|Any CPU
		{CDA79E53-50A5-44F5-9F9F-DE105BFF577C}.Debug|x64.ActiveCfg = Debug|Any CPU
		{CDA79E53-50A5-44F5-9F9F-DE105BFF577C}.Debug|x64.Build.0 = Debug|Any CPU
		{CDA79E53-50A5-44F5-9F9F-DE105BFF577C}.Debug|x86.ActiveCfg = Debug|Any CPU
		{CDA79E53-50A5-44F5-9F9F-DE105BFF577C}.Debug|x86.Build.0 = Debug|Any CPU
		{CDA79E53-50A5-44F5-9F9F-DE105BFF577C}.Release|Any CPU.ActiveCfg = Release|Any CPU
		{CDA79E53-50A5-44F5-9F9F-DE105BFF577C}.Release|Any CPU.Build.0 = Release|Any CPU
		{CDA79E53-50A5-44F5-9F9F-DE105BFF577C}.Release|x64.ActiveCfg = Release|Any CPU
		{CDA79E53-50A5-44F5-9F9F-DE105BFF577C}.Release|x64.Build.0 = Release|Any CPU
		{CDA79E53-50A5-44F5-9F9F-DE105BFF577C}.Release|x86.ActiveCfg = Release|Any CPU
		{CDA79E53-50A5-44F5-9F9F-DE105BFF577C}.Release|x86.Build.0 = Release|Any CPU
		{1304CBA6-D3F7-4070-826B-BBC8E3C1D55E}.Debug|Any CPU.ActiveCfg = Debug|Any CPU
		{1304CBA6-D3F7-4070-826B-BBC8E3C1D55E}.Debug|Any CPU.Build.0 = Debug|Any CPU
		{1304CBA6-D3F7-4070-826B-BBC8E3C1D55E}.Debug|x64.ActiveCfg = Debug|Any CPU
		{1304CBA6-D3F7-4070-826B-BBC8E3C1D55E}.Debug|x64.Build.0 = Debug|Any CPU
		{1304CBA6-D3F7-4070-826B-BBC8E3C1D55E}.Debug|x86.ActiveCfg = Debug|Any CPU
		{1304CBA6-D3F7-4070-826B-BBC8E3C1D55E}.Debug|x86.Build.0 = Debug|Any CPU
		{1304CBA6-D3F7-4070-826B-BBC8E3C1D55E}.Release|Any CPU.ActiveCfg = Release|Any CPU
		{1304CBA6-D3F7-4070-826B-BBC8E3C1D55E}.Release|Any CPU.Build.0 = Release|Any CPU
		{1304CBA6-D3F7-4070-826B-BBC8E3C1D55E}.Release|x64.ActiveCfg = Release|Any CPU
		{1304CBA6-D3F7-4070-826B-BBC8E3C1D55E}.Release|x64.Build.0 = Release|Any CPU
		{1304CBA6-D3F7-4070-826B-BBC8E3C1D55E}.Release|x86.ActiveCfg = Release|Any CPU
		{1304CBA6-D3F7-4070-826B-BBC8E3C1D55E}.Release|x86.Build.0 = Release|Any CPU
		{C2EE1781-EAE1-4332-BA2A-298D8D6E6EF1}.Debug|Any CPU.ActiveCfg = Debug|Any CPU
		{C2EE1781-EAE1-4332-BA2A-298D8D6E6EF1}.Debug|Any CPU.Build.0 = Debug|Any CPU
		{C2EE1781-EAE1-4332-BA2A-298D8D6E6EF1}.Debug|x64.ActiveCfg = Debug|Any CPU
		{C2EE1781-EAE1-4332-BA2A-298D8D6E6EF1}.Debug|x64.Build.0 = Debug|Any CPU
		{C2EE1781-EAE1-4332-BA2A-298D8D6E6EF1}.Debug|x86.ActiveCfg = Debug|Any CPU
		{C2EE1781-EAE1-4332-BA2A-298D8D6E6EF1}.Debug|x86.Build.0 = Debug|Any CPU
		{C2EE1781-EAE1-4332-BA2A-298D8D6E6EF1}.Release|Any CPU.ActiveCfg = Release|Any CPU
		{C2EE1781-EAE1-4332-BA2A-298D8D6E6EF1}.Release|Any CPU.Build.0 = Release|Any CPU
		{C2EE1781-EAE1-4332-BA2A-298D8D6E6EF1}.Release|x64.ActiveCfg = Release|Any CPU
		{C2EE1781-EAE1-4332-BA2A-298D8D6E6EF1}.Release|x64.Build.0 = Release|Any CPU
		{C2EE1781-EAE1-4332-BA2A-298D8D6E6EF1}.Release|x86.ActiveCfg = Release|Any CPU
		{C2EE1781-EAE1-4332-BA2A-298D8D6E6EF1}.Release|x86.Build.0 = Release|Any CPU
	EndGlobalSection
	GlobalSection(SolutionProperties) = preSolution
		HideSolutionNode = FALSE
	EndGlobalSection
	GlobalSection(NestedProjects) = preSolution
		{792C4D3B-F555-4565-ACDB-CDAB94EA6EDB} = {8C76570E-0B04-4D8B-8B8A-7BE88FFED4E2}
		{476D7CD5-3771-4221-8AEE-EBF36187D91D} = {477A1D56-3A63-4830-A1D4-10BE857B0CC9}
		{CDA79E53-50A5-44F5-9F9F-DE105BFF577C} = {8C76570E-0B04-4D8B-8B8A-7BE88FFED4E2}
		{1304CBA6-D3F7-4070-826B-BBC8E3C1D55E} = {477A1D56-3A63-4830-A1D4-10BE857B0CC9}
		{C2EE1781-EAE1-4332-BA2A-298D8D6E6EF1} = {8C76570E-0B04-4D8B-8B8A-7BE88FFED4E2}
	EndGlobalSection
	GlobalSection(ExtensibilityGlobals) = postSolution
		SolutionGuid = {B3E8E90C-F627-41AD-B994-813E0A05FDEA}
	EndGlobalSection
EndGlobal
